
Microsoft Visual Studio Solution File, Format Version 12.00
# Visual Studio Version 17
VisualStudioVersion = 17.0.31611.283
MinimumVisualStudioVersion = 10.0.40219.1
Project("{9A19103F-16F7-4668-BE54-9A1E7A4F7556}") = "Mad", "Mad\Mad.csproj", "{5DFA8486-9C19-4CE7-9B84-3CE438309043}"
EndProject
Project("{9A19103F-16F7-4668-BE54-9A1E7A4F7556}") = "Mad.Database", "Mad.Database\Mad.Database.csproj", "{5B090D51-15F1-4BC6-9661-EDB7F1E5514D}"
EndProject
Project("{9A19103F-16F7-4668-BE54-9A1E7A4F7556}") = "Mad.Shared", "Mad.Shared\Mad.Shared.csproj", "{13327278-21C9-42C8-8D67-62F85C3C46BA}"
EndProject
Project("{9A19103F-16F7-4668-BE54-9A1E7A4F7556}") = "Mad.Tests", "Mad.Tests\Mad.Tests.csproj", "{2E34D0D6-67EE-4F4B-A332-16959DB7E2CC}"
	ProjectSection(ProjectDependencies) = postProject
		{13327278-21C9-42C8-8D67-62F85C3C46BA} = {13327278-21C9-42C8-8D67-62F85C3C46BA}
	EndProjectSection
EndProject
Project("{FAE04EC0-301F-11D3-BF4B-00C04F79EFBC}") = "Mad.Tests.Ui", "Mad.Tests.Ui\Mad.Tests.Ui.csproj", "{2F5EFDC1-2CCD-4E5C-A09B-F88ABAEE83B9}"
EndProject
Global
	GlobalSection(SolutionConfigurationPlatforms) = preSolution
		Debug|Any CPU = Debug|Any CPU
		Release|Any CPU = Release|Any CPU
	EndGlobalSection
	GlobalSection(ProjectConfigurationPlatforms) = postSolution
		{5DFA8486-9C19-4CE7-9B84-3CE438309043}.Debug|Any CPU.ActiveCfg = Debug|Any CPU
		{5DFA8486-9C19-4CE7-9B84-3CE438309043}.Debug|Any CPU.Build.0 = Debug|Any CPU
		{5DFA8486-9C19-4CE7-9B84-3CE438309043}.Debug|Any CPU.Deploy.0 = Debug|Any CPU
		{5DFA8486-9C19-4CE7-9B84-3CE438309043}.Release|Any CPU.ActiveCfg = Release|Any CPU
		{5DFA8486-9C19-4CE7-9B84-3CE438309043}.Release|Any CPU.Build.0 = Release|Any CPU
		{5DFA8486-9C19-4CE7-9B84-3CE438309043}.Release|Any CPU.Deploy.0 = Release|Any CPU
		{5B090D51-15F1-4BC6-9661-EDB7F1E5514D}.Debug|Any CPU.ActiveCfg = Debug|Any CPU
		{5B090D51-15F1-4BC6-9661-EDB7F1E5514D}.Debug|Any CPU.Build.0 = Debug|Any CPU
		{5B090D51-15F1-4BC6-9661-EDB7F1E5514D}.Release|Any CPU.ActiveCfg = Release|Any CPU
		{5B090D51-15F1-4BC6-9661-EDB7F1E5514D}.Release|Any CPU.Build.0 = Release|Any CPU
		{13327278-21C9-42C8-8D67-62F85C3C46BA}.Debug|Any CPU.ActiveCfg = Debug|Any CPU
		{13327278-21C9-42C8-8D67-62F85C3C46BA}.Debug|Any CPU.Build.0 = Debug|Any CPU
		{13327278-21C9-42C8-8D67-62F85C3C46BA}.Release|Any CPU.ActiveCfg = Release|Any CPU
		{13327278-21C9-42C8-8D67-62F85C3C46BA}.Release|Any CPU.Build.0 = Release|Any CPU
		{2E34D0D6-67EE-4F4B-A332-16959DB7E2CC}.Debug|Any CPU.ActiveCfg = Debug|Any CPU
		{2E34D0D6-67EE-4F4B-A332-16959DB7E2CC}.Debug|Any CPU.Build.0 = Debug|Any CPU
		{2E34D0D6-67EE-4F4B-A332-16959DB7E2CC}.Release|Any CPU.ActiveCfg = Release|Any CPU
		{2E34D0D6-67EE-4F4B-A332-16959DB7E2CC}.Release|Any CPU.Build.0 = Release|Any CPU
		{2F5EFDC1-2CCD-4E5C-A09B-F88ABAEE83B9}.Debug|Any CPU.ActiveCfg = Debug|Any CPU
		{2F5EFDC1-2CCD-4E5C-A09B-F88ABAEE83B9}.Debug|Any CPU.Build.0 = Debug|Any CPU
		{2F5EFDC1-2CCD-4E5C-A09B-F88ABAEE83B9}.Release|Any CPU.ActiveCfg = Release|Any CPU
		{2F5EFDC1-2CCD-4E5C-A09B-F88ABAEE83B9}.Release|Any CPU.Build.0 = Release|Any CPU
	EndGlobalSection
	GlobalSection(SolutionProperties) = preSolution
		HideSolutionNode = FALSE
	EndGlobalSection
	GlobalSection(ExtensibilityGlobals) = postSolution
		SolutionGuid = {61F7FB11-1E47-470C-91E2-47F8143E1572}
	EndGlobalSection
EndGlobal
